// !$*UTF8*$!
{
	archiveVersion = 1;
	classes = {
	};
	objectVersion = 46;
	objects = {

/* Begin PBXBuildFile section */
		1F0701C2185E56D9000FC4AE /* QuartzCore.framework in Frameworks */ = {isa = PBXBuildFile; fileRef = 1F364283185D0D99008B7883 /* QuartzCore.framework */; };
		1F0701C7185F9657000FC4AE /* JSBaseTests.m in Sources */ = {isa = PBXBuildFile; fileRef = 1F0701C6185F9657000FC4AE /* JSBaseTests.m */; };
		1F09C99A1894DF7900CE1AE8 /* JSQueueTests.m in Sources */ = {isa = PBXBuildFile; fileRef = 1F09C9991894DF7900CE1AE8 /* JSQueueTests.m */; };
		1F09C9A0189619FF00CE1AE8 /* NSOrderedSetTests.m in Sources */ = {isa = PBXBuildFile; fileRef = 1F09C99F189619FF00CE1AE8 /* NSOrderedSetTests.m */; };
		1F09C9A218962D4800CE1AE8 /* JSOrderedSetTests.m in Sources */ = {isa = PBXBuildFile; fileRef = 1F09C9A118962D4800CE1AE8 /* JSOrderedSetTests.m */; };
		1F141B96186FF99A00B99A38 /* JSTestUtilTests.m in Sources */ = {isa = PBXBuildFile; fileRef = 1F141B95186FF99A00B99A38 /* JSTestUtilTests.m */; };
		1F2CB65B185FC4430004878D /* JSSwizzlerTests.m in Sources */ = {isa = PBXBuildFile; fileRef = 1F2CB657185FB95A0004878D /* JSSwizzlerTests.m */; };
		1F2CB662185FEA3E0004878D /* JSDictionaryUtilTests.m in Sources */ = {isa = PBXBuildFile; fileRef = 1F2CB661185FEA3E0004878D /* JSDictionaryUtilTests.m */; };
		1F33523518DA3C45005A943C /* NSMutableArray+JSMutableArrayCategory.m in Sources */ = {isa = PBXBuildFile; fileRef = 1F33523418DA3C45005A943C /* NSMutableArray+JSMutableArrayCategory.m */; };
		1F33523718DA3CDF005A943C /* NSMutableArray+JSMutableArrayTests.m in Sources */ = {isa = PBXBuildFile; fileRef = 1F33523618DA3CDF005A943C /* NSMutableArray+JSMutableArrayTests.m */; };
		1F364284185D0D99008B7883 /* QuartzCore.framework in Frameworks */ = {isa = PBXBuildFile; fileRef = 1F364283185D0D99008B7883 /* QuartzCore.framework */; };
		1F364286185D0DA9008B7883 /* OpenGLES.framework in Frameworks */ = {isa = PBXBuildFile; fileRef = 1F364285185D0DA9008B7883 /* OpenGLES.framework */; };
		1F364287185D0DEB008B7883 /* CoreGraphics.framework in Frameworks */ = {isa = PBXBuildFile; fileRef = 1F8559EE185CF61F009667DE /* CoreGraphics.framework */; };
		1F364288185D0DF2008B7883 /* OpenGLES.framework in Frameworks */ = {isa = PBXBuildFile; fileRef = 1F364285185D0DA9008B7883 /* OpenGLES.framework */; };
		1F41447718FB1EAD009C4EBB /* JSFreezableTests.m in Sources */ = {isa = PBXBuildFile; fileRef = 1F41447618FB1EAD009C4EBB /* JSFreezableTests.m */; };
		1F41447B18FB259F009C4EBB /* JSFreezable.m in Sources */ = {isa = PBXBuildFile; fileRef = 1F41447A18FB259F009C4EBB /* JSFreezable.m */; };
		1F4487E618DF71340067F1F1 /* JSDieException.m in Sources */ = {isa = PBXBuildFile; fileRef = 1F4487E518DF71340067F1F1 /* JSDieException.m */; };
		1F48DE1318A19E2C000BEFD1 /* JSTestUtil.m in Sources */ = {isa = PBXBuildFile; fileRef = 1F48DE1218A19E2C000BEFD1 /* JSTestUtil.m */; };
		1F48DE2B18A1E8C7000BEFD1 /* JSSymbolicNamesTests.m in Sources */ = {isa = PBXBuildFile; fileRef = 1F48DE2A18A1E8C7000BEFD1 /* JSSymbolicNamesTests.m */; };
		1F65153D18F5AE0200851E9F /* NSScanner+JSScannerCategory.m in Sources */ = {isa = PBXBuildFile; fileRef = 1F65153C18F5AE0200851E9F /* NSScanner+JSScannerCategory.m */; };
		1F74190E188776C200A04FC4 /* JSRandomTests.m in Sources */ = {isa = PBXBuildFile; fileRef = 1F74190D188776C200A04FC4 /* JSRandomTests.m */; };
		1F74C3D119009486004DA3A3 /* NSMutableString+JSMutableStringCategory.m in Sources */ = {isa = PBXBuildFile; fileRef = 1F74C3D019009486004DA3A3 /* NSMutableString+JSMutableStringCategory.m */; };
		1F7F9DD0189AF135001D9DE3 /* JSLayoutManager.m in Sources */ = {isa = PBXBuildFile; fileRef = 1F7F9DCE189AF135001D9DE3 /* JSLayoutManager.m */; };
		1F7F9E1B189F8080001D9DE3 /* JSPointerArray.m in Sources */ = {isa = PBXBuildFile; fileRef = 1F7F9E1A189F8080001D9DE3 /* JSPointerArray.m */; };
		1F8559ED185CF61F009667DE /* Foundation.framework in Frameworks */ = {isa = PBXBuildFile; fileRef = 1F8559EC185CF61F009667DE /* Foundation.framework */; };
		1F8559EF185CF61F009667DE /* CoreGraphics.framework in Frameworks */ = {isa = PBXBuildFile; fileRef = 1F8559EE185CF61F009667DE /* CoreGraphics.framework */; };
		1F8559F1185CF61F009667DE /* UIKit.framework in Frameworks */ = {isa = PBXBuildFile; fileRef = 1F8559F0185CF61F009667DE /* UIKit.framework */; };
		1F8559F7185CF61F009667DE /* InfoPlist.strings in Resources */ = {isa = PBXBuildFile; fileRef = 1F8559F5185CF61F009667DE /* InfoPlist.strings */; };
		1F8559FF185CF61F009667DE /* Images.xcassets in Resources */ = {isa = PBXBuildFile; fileRef = 1F8559FE185CF61F009667DE /* Images.xcassets */; };
		1F855A06185CF61F009667DE /* XCTest.framework in Frameworks */ = {isa = PBXBuildFile; fileRef = 1F855A05185CF61F009667DE /* XCTest.framework */; };
		1F855A07185CF61F009667DE /* Foundation.framework in Frameworks */ = {isa = PBXBuildFile; fileRef = 1F8559EC185CF61F009667DE /* Foundation.framework */; };
		1F855A08185CF61F009667DE /* UIKit.framework in Frameworks */ = {isa = PBXBuildFile; fileRef = 1F8559F0185CF61F009667DE /* UIKit.framework */; };
		1F855A10185CF61F009667DE /* InfoPlist.strings in Resources */ = {isa = PBXBuildFile; fileRef = 1F855A0E185CF61F009667DE /* InfoPlist.strings */; };
		1F8EE70018C2FD8400F247A3 /* JSStructArrayTests.m in Sources */ = {isa = PBXBuildFile; fileRef = 1F8EE6FF18C2FD8400F247A3 /* JSStructArrayTests.m */; };
		1F8EE70318C2FD8F00F247A3 /* JSStructArray.m in Sources */ = {isa = PBXBuildFile; fileRef = 1F8EE70218C2FD8F00F247A3 /* JSStructArray.m */; };
		1F8EE70518C3046F00F247A3 /* JSPointerArrayTests.m in Sources */ = {isa = PBXBuildFile; fileRef = 1F8EE70418C3046F00F247A3 /* JSPointerArrayTests.m */; };
		1F96135E186B91FB003A239A /* JSIORecorderTests.m in Sources */ = {isa = PBXBuildFile; fileRef = 1F96135D186B91FB003A239A /* JSIORecorderTests.m */; };
		1FA26813185FB56D00808EAF /* JSStringUtilTests.m in Sources */ = {isa = PBXBuildFile; fileRef = 1FA26812185FB56D00808EAF /* JSStringUtilTests.m */; };
		1FB9E9A818A1ED2B00BC9E9F /* JSSymbolicNames.m in Sources */ = {isa = PBXBuildFile; fileRef = 1FB9E9A618A1ED2B00BC9E9F /* JSSymbolicNames.m */; };
		1FC6DB0E18BAD9DD0001D1CB /* test_resources in Resources */ = {isa = PBXBuildFile; fileRef = 1FC6DB0D18BAD9DD0001D1CB /* test_resources */; };
		1FDC24081860E0E3002DF091 /* JSSimulatorTests.m in Sources */ = {isa = PBXBuildFile; fileRef = 1FDC24071860E0E3002DF091 /* JSSimulatorTests.m */; };
		1FDC2412186148B7002DF091 /* JSFileUtilTests.m in Sources */ = {isa = PBXBuildFile; fileRef = 1FDC2411186148B7002DF091 /* JSFileUtilTests.m */; };
		1FDF076E18AAB9CA001AFFFF /* NSUserDefaults+JSUserDefaultsCategory.m in Sources */ = {isa = PBXBuildFile; fileRef = 1FDF076D18AAB9CA001AFFFF /* NSUserDefaults+JSUserDefaultsCategory.m */; };
		1FE0E61318B6E3CC00839060 /* JSMemoryMonitor.m in Sources */ = {isa = PBXBuildFile; fileRef = 1FE0E61218B6E3CC00839060 /* JSMemoryMonitor.m */; };
		1FE0E61818B7098600839060 /* JSMemoryMonitorTests.m in Sources */ = {isa = PBXBuildFile; fileRef = 1FE0E61718B7098600839060 /* JSMemoryMonitorTests.m */; };
		1FE492201896F04700CF2FCB /* JSRandom.m in Sources */ = {isa = PBXBuildFile; fileRef = 1FE492051896F04700CF2FCB /* JSRandom.m */; };
		1FE492211896F04700CF2FCB /* JSOrderedSet.m in Sources */ = {isa = PBXBuildFile; fileRef = 1FE492071896F04700CF2FCB /* JSOrderedSet.m */; };
		1FE492221896F04700CF2FCB /* JSStringUtil.m in Sources */ = {isa = PBXBuildFile; fileRef = 1FE4920A1896F04700CF2FCB /* JSStringUtil.m */; };
		1FE492241896F04700CF2FCB /* JSQueue.m in Sources */ = {isa = PBXBuildFile; fileRef = 1FE4920C1896F04700CF2FCB /* JSQueue.m */; };
		1FE492261896F04700CF2FCB /* JSIORecorder.m in Sources */ = {isa = PBXBuildFile; fileRef = 1FE492101896F04700CF2FCB /* JSIORecorder.m */; };
		1FE492271896F04700CF2FCB /* JSBase.m in Sources */ = {isa = PBXBuildFile; fileRef = 1FE492121896F04700CF2FCB /* JSBase.m */; };
		1FE492281896F04700CF2FCB /* JSFileUtil.m in Sources */ = {isa = PBXBuildFile; fileRef = 1FE492141896F04700CF2FCB /* JSFileUtil.m */; };
		1FE492291896F04700CF2FCB /* JSSimulator.m in Sources */ = {isa = PBXBuildFile; fileRef = 1FE492151896F04700CF2FCB /* JSSimulator.m */; };
		1FE4922A1896F04700CF2FCB /* JSSwizzler.m in Sources */ = {isa = PBXBuildFile; fileRef = 1FE492161896F04700CF2FCB /* JSSwizzler.m */; };
		1FE4922B1896F04700CF2FCB /* JSStackTraceElement.m in Sources */ = {isa = PBXBuildFile; fileRef = 1FE4921A1896F04700CF2FCB /* JSStackTraceElement.m */; };
		1FE4922D1896F04700CF2FCB /* JSDictionaryUtil.m in Sources */ = {isa = PBXBuildFile; fileRef = 1FE4921E1896F04700CF2FCB /* JSDictionaryUtil.m */; };
		1FE4922E1896F04700CF2FCB /* en.lproj in Resources */ = {isa = PBXBuildFile; fileRef = 1FE4921F1896F04700CF2FCB /* en.lproj */; };
		30F4DAAA315200088D6CCF0F /* GLKit.framework in Frameworks */ = {isa = PBXBuildFile; fileRef = 30F4DE9333CD7DF247010E8C /* GLKit.framework */; };
		F446EE8D1A129CFB0091791B /* AppDelegate.swift in Sources */ = {isa = PBXBuildFile; fileRef = F47D5B101A129576003F91CD /* AppDelegate.swift */; };
		F47D5B0F1A11E868003F91CD /* Base.swift in Sources */ = {isa = PBXBuildFile; fileRef = F47D5B0E1A11E868003F91CD /* Base.swift */; };
		F47D5B111A129576003F91CD /* AppDelegate.swift in Sources */ = {isa = PBXBuildFile; fileRef = F47D5B101A129576003F91CD /* AppDelegate.swift */; };
		F4A3603D1A12C4B200F48E71 /* sample.png in Resources */ = {isa = PBXBuildFile; fileRef = F4A3603C1A12C4B200F48E71 /* sample.png */; };
		F4A360461A1421ED00F48E71 /* fragment_shader_texture.glsl in Resources */ = {isa = PBXBuildFile; fileRef = F4A360441A1421ED00F48E71 /* fragment_shader_texture.glsl */; };
		F4A360471A1421ED00F48E71 /* vertex_shader_texture.glsl in Resources */ = {isa = PBXBuildFile; fileRef = F4A360451A1421ED00F48E71 /* vertex_shader_texture.glsl */; };
		F4AA66E01A1701F30058452F /* CTools.m in Sources */ = {isa = PBXBuildFile; fileRef = F4AA66D41A1701F30058452F /* CTools.m */; };
		F4AA66E11A1701F30058452F /* SpriteContext.m in Sources */ = {isa = PBXBuildFile; fileRef = F4AA66D51A1701F30058452F /* SpriteContext.m */; };
		F4AA66E21A1701F30058452F /* CGAffineTransform.swift in Sources */ = {isa = PBXBuildFile; fileRef = F4AA66D61A1701F30058452F /* CGAffineTransform.swift */; };
		F4AA66E31A1701F30058452F /* GLAppDelegate.swift in Sources */ = {isa = PBXBuildFile; fileRef = F4AA66D71A1701F30058452F /* GLAppDelegate.swift */; };
		F4AA66E41A1701F30058452F /* GLTools.swift in Sources */ = {isa = PBXBuildFile; fileRef = F4AA66D81A1701F30058452F /* GLTools.swift */; };
		F4AA66E51A1701F30058452F /* GLView.swift in Sources */ = {isa = PBXBuildFile; fileRef = F4AA66D91A1701F30058452F /* GLView.swift */; };
		F4AA66E61A1701F30058452F /* Point.swift in Sources */ = {isa = PBXBuildFile; fileRef = F4AA66DA1A1701F30058452F /* Point.swift */; };
		F4AA66E71A1701F30058452F /* Rect.swift in Sources */ = {isa = PBXBuildFile; fileRef = F4AA66DB1A1701F30058452F /* Rect.swift */; };
		F4AA66E81A1701F30058452F /* Renderer.swift in Sources */ = {isa = PBXBuildFile; fileRef = F4AA66DC1A1701F30058452F /* Renderer.swift */; };
		F4AA66E91A1701F30058452F /* Shader.swift in Sources */ = {isa = PBXBuildFile; fileRef = F4AA66DD1A1701F30058452F /* Shader.swift */; };
		F4AA66EA1A1701F30058452F /* _SKIP_SpriteProgram.swift in Sources */ = {isa = PBXBuildFile; fileRef = F4AA66DE1A1701F30058452F /* _SKIP_SpriteProgram.swift */; };
		F4AA66EB1A1701F30058452F /* Texture.swift in Sources */ = {isa = PBXBuildFile; fileRef = F4AA66DF1A1701F30058452F /* Texture.swift */; };
		F4AA66F01A170A410058452F /* B.m in Sources */ = {isa = PBXBuildFile; fileRef = F4AA66EF1A170A410058452F /* B.m */; };
		F4AA66F41A170C510058452F /* A.swift in Sources */ = {isa = PBXBuildFile; fileRef = F4AA66F31A170C510058452F /* A.swift */; };
		F4AA66F71A17C8B30058452F /* GLSpriteProgram.m in Sources */ = {isa = PBXBuildFile; fileRef = F4AA66F61A17C8B30058452F /* GLSpriteProgram.m */; };
/* End PBXBuildFile section */

/* Begin PBXContainerItemProxy section */
		1F855A09185CF61F009667DE /* PBXContainerItemProxy */ = {
			isa = PBXContainerItemProxy;
			containerPortal = 1F8559E1185CF61F009667DE /* Project object */;
			proxyType = 1;
			remoteGlobalIDString = 1F8559E8185CF61F009667DE;
			remoteInfo = js_ios;
		};
/* End PBXContainerItemProxy section */

/* Begin PBXFileReference section */
		1F0701C6185F9657000FC4AE /* JSBaseTests.m */ = {isa = PBXFileReference; fileEncoding = 4; lastKnownFileType = sourcecode.c.objc; path = JSBaseTests.m; sourceTree = "<group>"; };
		1F09C9991894DF7900CE1AE8 /* JSQueueTests.m */ = {isa = PBXFileReference; fileEncoding = 4; lastKnownFileType = sourcecode.c.objc; path = JSQueueTests.m; sourceTree = "<group>"; };
		1F09C99F189619FF00CE1AE8 /* NSOrderedSetTests.m */ = {isa = PBXFileReference; fileEncoding = 4; lastKnownFileType = sourcecode.c.objc; path = NSOrderedSetTests.m; sourceTree = "<group>"; };
		1F09C9A118962D4800CE1AE8 /* JSOrderedSetTests.m */ = {isa = PBXFileReference; fileEncoding = 4; lastKnownFileType = sourcecode.c.objc; path = JSOrderedSetTests.m; sourceTree = "<group>"; };
		1F141B95186FF99A00B99A38 /* JSTestUtilTests.m */ = {isa = PBXFileReference; fileEncoding = 4; lastKnownFileType = sourcecode.c.objc; path = JSTestUtilTests.m; sourceTree = "<group>"; };
		1F2CB657185FB95A0004878D /* JSSwizzlerTests.m */ = {isa = PBXFileReference; fileEncoding = 4; lastKnownFileType = sourcecode.c.objc; path = JSSwizzlerTests.m; sourceTree = "<group>"; };
		1F2CB661185FEA3E0004878D /* JSDictionaryUtilTests.m */ = {isa = PBXFileReference; fileEncoding = 4; lastKnownFileType = sourcecode.c.objc; path = JSDictionaryUtilTests.m; sourceTree = "<group>"; };
		1F33523318DA3C45005A943C /* NSMutableArray+JSMutableArrayCategory.h */ = {isa = PBXFileReference; fileEncoding = 4; lastKnownFileType = sourcecode.c.h; name = "NSMutableArray+JSMutableArrayCategory.h"; path = "js_ios/NSMutableArray+JSMutableArrayCategory.h"; sourceTree = SOURCE_ROOT; };
		1F33523418DA3C45005A943C /* NSMutableArray+JSMutableArrayCategory.m */ = {isa = PBXFileReference; fileEncoding = 4; lastKnownFileType = sourcecode.c.objc; name = "NSMutableArray+JSMutableArrayCategory.m"; path = "js_ios/NSMutableArray+JSMutableArrayCategory.m"; sourceTree = SOURCE_ROOT; };
		1F33523618DA3CDF005A943C /* NSMutableArray+JSMutableArrayTests.m */ = {isa = PBXFileReference; fileEncoding = 4; lastKnownFileType = sourcecode.c.objc; path = "NSMutableArray+JSMutableArrayTests.m"; sourceTree = "<group>"; };
		1F364283185D0D99008B7883 /* QuartzCore.framework */ = {isa = PBXFileReference; lastKnownFileType = wrapper.framework; name = QuartzCore.framework; path = System/Library/Frameworks/QuartzCore.framework; sourceTree = SDKROOT; };
		1F364285185D0DA9008B7883 /* OpenGLES.framework */ = {isa = PBXFileReference; lastKnownFileType = wrapper.framework; name = OpenGLES.framework; path = System/Library/Frameworks/OpenGLES.framework; sourceTree = SDKROOT; };
		1F41447418FB138B009C4EBB /* JSFreezable.h */ = {isa = PBXFileReference; fileEncoding = 4; lastKnownFileType = sourcecode.c.h; name = JSFreezable.h; path = js_ios/JSFreezable.h; sourceTree = SOURCE_ROOT; };
		1F41447618FB1EAD009C4EBB /* JSFreezableTests.m */ = {isa = PBXFileReference; fileEncoding = 4; lastKnownFileType = sourcecode.c.objc; path = JSFreezableTests.m; sourceTree = "<group>"; };
		1F41447A18FB259F009C4EBB /* JSFreezable.m */ = {isa = PBXFileReference; fileEncoding = 4; lastKnownFileType = sourcecode.c.objc; name = JSFreezable.m; path = js_ios/JSFreezable.m; sourceTree = SOURCE_ROOT; };
		1F4487E418DF71340067F1F1 /* JSDieException.h */ = {isa = PBXFileReference; fileEncoding = 4; lastKnownFileType = sourcecode.c.h; name = JSDieException.h; path = js_ios/JSDieException.h; sourceTree = SOURCE_ROOT; };
		1F4487E518DF71340067F1F1 /* JSDieException.m */ = {isa = PBXFileReference; fileEncoding = 4; lastKnownFileType = sourcecode.c.objc; name = JSDieException.m; path = js_ios/JSDieException.m; sourceTree = SOURCE_ROOT; };
		1F48DE1118A19E2C000BEFD1 /* JSTestUtil.h */ = {isa = PBXFileReference; fileEncoding = 4; lastKnownFileType = sourcecode.c.h; name = JSTestUtil.h; path = js_ios/JSTestUtil.h; sourceTree = SOURCE_ROOT; };
		1F48DE1218A19E2C000BEFD1 /* JSTestUtil.m */ = {isa = PBXFileReference; fileEncoding = 4; lastKnownFileType = sourcecode.c.objc; name = JSTestUtil.m; path = js_ios/JSTestUtil.m; sourceTree = SOURCE_ROOT; };
		1F48DE2A18A1E8C7000BEFD1 /* JSSymbolicNamesTests.m */ = {isa = PBXFileReference; fileEncoding = 4; lastKnownFileType = sourcecode.c.objc; path = JSSymbolicNamesTests.m; sourceTree = "<group>"; };
		1F65153B18F5AE0200851E9F /* NSScanner+JSScannerCategory.h */ = {isa = PBXFileReference; fileEncoding = 4; lastKnownFileType = sourcecode.c.h; name = "NSScanner+JSScannerCategory.h"; path = "js_ios/NSScanner+JSScannerCategory.h"; sourceTree = SOURCE_ROOT; };
		1F65153C18F5AE0200851E9F /* NSScanner+JSScannerCategory.m */ = {isa = PBXFileReference; fileEncoding = 4; lastKnownFileType = sourcecode.c.objc; name = "NSScanner+JSScannerCategory.m"; path = "js_ios/NSScanner+JSScannerCategory.m"; sourceTree = SOURCE_ROOT; };
		1F74190D188776C200A04FC4 /* JSRandomTests.m */ = {isa = PBXFileReference; fileEncoding = 4; lastKnownFileType = sourcecode.c.objc; name = JSRandomTests.m; path = js_iosTests/JSRandomTests.m; sourceTree = SOURCE_ROOT; };
		1F74C3CA19009279004DA3A3 /* JSAppendStringProtocol.h */ = {isa = PBXFileReference; fileEncoding = 4; lastKnownFileType = sourcecode.c.h; name = JSAppendStringProtocol.h; path = js_ios/JSAppendStringProtocol.h; sourceTree = SOURCE_ROOT; };
		1F74C3CF19009486004DA3A3 /* NSMutableString+JSMutableStringCategory.h */ = {isa = PBXFileReference; fileEncoding = 4; lastKnownFileType = sourcecode.c.h; name = "NSMutableString+JSMutableStringCategory.h"; path = "js_ios/NSMutableString+JSMutableStringCategory.h"; sourceTree = SOURCE_ROOT; };
		1F74C3D019009486004DA3A3 /* NSMutableString+JSMutableStringCategory.m */ = {isa = PBXFileReference; fileEncoding = 4; lastKnownFileType = sourcecode.c.objc; name = "NSMutableString+JSMutableStringCategory.m"; path = "js_ios/NSMutableString+JSMutableStringCategory.m"; sourceTree = SOURCE_ROOT; };
		1F74C3D7190096CA004DA3A3 /* JSPushPopProtocol.h */ = {isa = PBXFileReference; fileEncoding = 4; lastKnownFileType = sourcecode.c.h; name = JSPushPopProtocol.h; path = js_ios/JSPushPopProtocol.h; sourceTree = SOURCE_ROOT; };
		1F7F9DCE189AF135001D9DE3 /* JSLayoutManager.m */ = {isa = PBXFileReference; fileEncoding = 4; lastKnownFileType = sourcecode.c.objc; name = JSLayoutManager.m; path = js_ios/JSLayoutManager.m; sourceTree = SOURCE_ROOT; };
		1F7F9DCF189AF135001D9DE3 /* JSLayoutManager.h */ = {isa = PBXFileReference; fileEncoding = 4; lastKnownFileType = sourcecode.c.h; name = JSLayoutManager.h; path = js_ios/JSLayoutManager.h; sourceTree = SOURCE_ROOT; };
		1F7F9E19189F8080001D9DE3 /* JSPointerArray.h */ = {isa = PBXFileReference; fileEncoding = 4; lastKnownFileType = sourcecode.c.h; name = JSPointerArray.h; path = js_ios/JSPointerArray.h; sourceTree = SOURCE_ROOT; };
		1F7F9E1A189F8080001D9DE3 /* JSPointerArray.m */ = {isa = PBXFileReference; fileEncoding = 4; lastKnownFileType = sourcecode.c.objc; name = JSPointerArray.m; path = js_ios/JSPointerArray.m; sourceTree = SOURCE_ROOT; };
		1F8559E9185CF61F009667DE /* js_ios.app */ = {isa = PBXFileReference; explicitFileType = wrapper.application; includeInIndex = 0; path = js_ios.app; sourceTree = BUILT_PRODUCTS_DIR; };
		1F8559EC185CF61F009667DE /* Foundation.framework */ = {isa = PBXFileReference; lastKnownFileType = wrapper.framework; name = Foundation.framework; path = System/Library/Frameworks/Foundation.framework; sourceTree = SDKROOT; };
		1F8559EE185CF61F009667DE /* CoreGraphics.framework */ = {isa = PBXFileReference; lastKnownFileType = wrapper.framework; name = CoreGraphics.framework; path = System/Library/Frameworks/CoreGraphics.framework; sourceTree = SDKROOT; };
		1F8559F0185CF61F009667DE /* UIKit.framework */ = {isa = PBXFileReference; lastKnownFileType = wrapper.framework; name = UIKit.framework; path = System/Library/Frameworks/UIKit.framework; sourceTree = SDKROOT; };
		1F8559F4185CF61F009667DE /* js_ios-Info.plist */ = {isa = PBXFileReference; lastKnownFileType = text.plist.xml; path = "js_ios-Info.plist"; sourceTree = "<group>"; };
		1F8559F6185CF61F009667DE /* en */ = {isa = PBXFileReference; lastKnownFileType = text.plist.strings; name = en; path = en.lproj/InfoPlist.strings; sourceTree = "<group>"; };
		1F8559FA185CF61F009667DE /* js_ios-Prefix.pch */ = {isa = PBXFileReference; lastKnownFileType = sourcecode.c.h; path = "js_ios-Prefix.pch"; sourceTree = "<group>"; };
		1F8559FE185CF61F009667DE /* Images.xcassets */ = {isa = PBXFileReference; lastKnownFileType = folder.assetcatalog; path = Images.xcassets; sourceTree = "<group>"; };
		1F855A04185CF61F009667DE /* js_iosTests.xctest */ = {isa = PBXFileReference; explicitFileType = wrapper.cfbundle; includeInIndex = 0; path = js_iosTests.xctest; sourceTree = BUILT_PRODUCTS_DIR; };
		1F855A05185CF61F009667DE /* XCTest.framework */ = {isa = PBXFileReference; lastKnownFileType = wrapper.framework; name = XCTest.framework; path = Library/Frameworks/XCTest.framework; sourceTree = DEVELOPER_DIR; };
		1F855A0D185CF61F009667DE /* js_iosTests-Info.plist */ = {isa = PBXFileReference; lastKnownFileType = text.plist.xml; path = "js_iosTests-Info.plist"; sourceTree = "<group>"; };
		1F855A0F185CF61F009667DE /* en */ = {isa = PBXFileReference; lastKnownFileType = text.plist.strings; name = en; path = en.lproj/InfoPlist.strings; sourceTree = "<group>"; };
		1F8EE6FF18C2FD8400F247A3 /* JSStructArrayTests.m */ = {isa = PBXFileReference; fileEncoding = 4; lastKnownFileType = sourcecode.c.objc; path = JSStructArrayTests.m; sourceTree = "<group>"; };
		1F8EE70118C2FD8F00F247A3 /* JSStructArray.h */ = {isa = PBXFileReference; fileEncoding = 4; lastKnownFileType = sourcecode.c.h; name = JSStructArray.h; path = js_ios/JSStructArray.h; sourceTree = SOURCE_ROOT; };
		1F8EE70218C2FD8F00F247A3 /* JSStructArray.m */ = {isa = PBXFileReference; fileEncoding = 4; lastKnownFileType = sourcecode.c.objc; name = JSStructArray.m; path = js_ios/JSStructArray.m; sourceTree = SOURCE_ROOT; };
		1F8EE70418C3046F00F247A3 /* JSPointerArrayTests.m */ = {isa = PBXFileReference; fileEncoding = 4; lastKnownFileType = sourcecode.c.objc; path = JSPointerArrayTests.m; sourceTree = "<group>"; };
		1F96135D186B91FB003A239A /* JSIORecorderTests.m */ = {isa = PBXFileReference; fileEncoding = 4; lastKnownFileType = sourcecode.c.objc; path = JSIORecorderTests.m; sourceTree = "<group>"; };
		1FA26812185FB56D00808EAF /* JSStringUtilTests.m */ = {isa = PBXFileReference; fileEncoding = 4; lastKnownFileType = sourcecode.c.objc; path = JSStringUtilTests.m; sourceTree = "<group>"; };
		1FB9E9A618A1ED2B00BC9E9F /* JSSymbolicNames.m */ = {isa = PBXFileReference; fileEncoding = 4; lastKnownFileType = sourcecode.c.objc; name = JSSymbolicNames.m; path = js_ios/JSSymbolicNames.m; sourceTree = SOURCE_ROOT; };
		1FB9E9A718A1ED2B00BC9E9F /* JSSymbolicNames.h */ = {isa = PBXFileReference; fileEncoding = 4; lastKnownFileType = sourcecode.c.h; name = JSSymbolicNames.h; path = js_ios/JSSymbolicNames.h; sourceTree = SOURCE_ROOT; };
		1FC6DB0D18BAD9DD0001D1CB /* test_resources */ = {isa = PBXFileReference; lastKnownFileType = folder; name = test_resources; path = ../test_resources; sourceTree = "<group>"; };
		1FDC24071860E0E3002DF091 /* JSSimulatorTests.m */ = {isa = PBXFileReference; fileEncoding = 4; lastKnownFileType = sourcecode.c.objc; path = JSSimulatorTests.m; sourceTree = "<group>"; };
		1FDC2411186148B7002DF091 /* JSFileUtilTests.m */ = {isa = PBXFileReference; fileEncoding = 4; lastKnownFileType = sourcecode.c.objc; path = JSFileUtilTests.m; sourceTree = "<group>"; };
		1FDF076C18AAB9CA001AFFFF /* NSUserDefaults+JSUserDefaultsCategory.h */ = {isa = PBXFileReference; fileEncoding = 4; lastKnownFileType = sourcecode.c.h; name = "NSUserDefaults+JSUserDefaultsCategory.h"; path = "js_ios/NSUserDefaults+JSUserDefaultsCategory.h"; sourceTree = SOURCE_ROOT; };
		1FDF076D18AAB9CA001AFFFF /* NSUserDefaults+JSUserDefaultsCategory.m */ = {isa = PBXFileReference; fileEncoding = 4; lastKnownFileType = sourcecode.c.objc; name = "NSUserDefaults+JSUserDefaultsCategory.m"; path = "js_ios/NSUserDefaults+JSUserDefaultsCategory.m"; sourceTree = SOURCE_ROOT; };
		1FE0E61118B6E3CC00839060 /* JSMemoryMonitor.h */ = {isa = PBXFileReference; fileEncoding = 4; lastKnownFileType = sourcecode.c.h; name = JSMemoryMonitor.h; path = js_ios/JSMemoryMonitor.h; sourceTree = SOURCE_ROOT; };
		1FE0E61218B6E3CC00839060 /* JSMemoryMonitor.m */ = {isa = PBXFileReference; fileEncoding = 4; lastKnownFileType = sourcecode.c.objc; name = JSMemoryMonitor.m; path = js_ios/JSMemoryMonitor.m; sourceTree = SOURCE_ROOT; };
		1FE0E61718B7098600839060 /* JSMemoryMonitorTests.m */ = {isa = PBXFileReference; fileEncoding = 4; lastKnownFileType = sourcecode.c.objc; path = JSMemoryMonitorTests.m; sourceTree = "<group>"; };
		1FE492041896F04700CF2FCB /* JSRandom.h */ = {isa = PBXFileReference; fileEncoding = 4; lastKnownFileType = sourcecode.c.h; name = JSRandom.h; path = js_ios/JSRandom.h; sourceTree = SOURCE_ROOT; };
		1FE492051896F04700CF2FCB /* JSRandom.m */ = {isa = PBXFileReference; fileEncoding = 4; lastKnownFileType = sourcecode.c.objc; name = JSRandom.m; path = js_ios/JSRandom.m; sourceTree = SOURCE_ROOT; };
		1FE492061896F04700CF2FCB /* JSOrderedSet.h */ = {isa = PBXFileReference; fileEncoding = 4; lastKnownFileType = sourcecode.c.h; name = JSOrderedSet.h; path = js_ios/JSOrderedSet.h; sourceTree = SOURCE_ROOT; };
		1FE492071896F04700CF2FCB /* JSOrderedSet.m */ = {isa = PBXFileReference; fileEncoding = 4; lastKnownFileType = sourcecode.c.objc; name = JSOrderedSet.m; path = js_ios/JSOrderedSet.m; sourceTree = SOURCE_ROOT; };
		1FE492081896F04700CF2FCB /* JSBase.h */ = {isa = PBXFileReference; fileEncoding = 4; lastKnownFileType = sourcecode.c.h; name = JSBase.h; path = js_ios/JSBase.h; sourceTree = SOURCE_ROOT; };
		1FE492091896F04700CF2FCB /* JSStringUtil.h */ = {isa = PBXFileReference; fileEncoding = 4; lastKnownFileType = sourcecode.c.h; name = JSStringUtil.h; path = js_ios/JSStringUtil.h; sourceTree = SOURCE_ROOT; };
		1FE4920A1896F04700CF2FCB /* JSStringUtil.m */ = {isa = PBXFileReference; fileEncoding = 4; lastKnownFileType = sourcecode.c.objc; name = JSStringUtil.m; path = js_ios/JSStringUtil.m; sourceTree = SOURCE_ROOT; };
		1FE4920C1896F04700CF2FCB /* JSQueue.m */ = {isa = PBXFileReference; fileEncoding = 4; lastKnownFileType = sourcecode.c.objc; name = JSQueue.m; path = js_ios/JSQueue.m; sourceTree = SOURCE_ROOT; };
		1FE4920D1896F04700CF2FCB /* JSQueue.h */ = {isa = PBXFileReference; fileEncoding = 4; lastKnownFileType = sourcecode.c.h; name = JSQueue.h; path = js_ios/JSQueue.h; sourceTree = SOURCE_ROOT; };
		1FE492101896F04700CF2FCB /* JSIORecorder.m */ = {isa = PBXFileReference; fileEncoding = 4; lastKnownFileType = sourcecode.c.objc; name = JSIORecorder.m; path = js_ios/JSIORecorder.m; sourceTree = SOURCE_ROOT; };
		1FE492121896F04700CF2FCB /* JSBase.m */ = {isa = PBXFileReference; fileEncoding = 4; lastKnownFileType = sourcecode.c.objc; name = JSBase.m; path = js_ios/JSBase.m; sourceTree = SOURCE_ROOT; };
		1FE492131896F04700CF2FCB /* JSIORecorder.h */ = {isa = PBXFileReference; fileEncoding = 4; lastKnownFileType = sourcecode.c.h; name = JSIORecorder.h; path = js_ios/JSIORecorder.h; sourceTree = SOURCE_ROOT; };
		1FE492141896F04700CF2FCB /* JSFileUtil.m */ = {isa = PBXFileReference; fileEncoding = 4; lastKnownFileType = sourcecode.c.objc; name = JSFileUtil.m; path = js_ios/JSFileUtil.m; sourceTree = SOURCE_ROOT; };
		1FE492151896F04700CF2FCB /* JSSimulator.m */ = {isa = PBXFileReference; fileEncoding = 4; lastKnownFileType = sourcecode.c.objc; name = JSSimulator.m; path = js_ios/JSSimulator.m; sourceTree = SOURCE_ROOT; };
		1FE492161896F04700CF2FCB /* JSSwizzler.m */ = {isa = PBXFileReference; fileEncoding = 4; lastKnownFileType = sourcecode.c.objc; name = JSSwizzler.m; path = js_ios/JSSwizzler.m; sourceTree = SOURCE_ROOT; };
		1FE492171896F04700CF2FCB /* JSSwizzler.h */ = {isa = PBXFileReference; fileEncoding = 4; lastKnownFileType = sourcecode.c.h; name = JSSwizzler.h; path = js_ios/JSSwizzler.h; sourceTree = SOURCE_ROOT; };
		1FE492181896F04700CF2FCB /* JSSimulator.h */ = {isa = PBXFileReference; fileEncoding = 4; lastKnownFileType = sourcecode.c.h; name = JSSimulator.h; path = js_ios/JSSimulator.h; sourceTree = SOURCE_ROOT; };
		1FE492191896F04700CF2FCB /* JSStackTraceElement.h */ = {isa = PBXFileReference; fileEncoding = 4; lastKnownFileType = sourcecode.c.h; name = JSStackTraceElement.h; path = js_ios/JSStackTraceElement.h; sourceTree = SOURCE_ROOT; };
		1FE4921A1896F04700CF2FCB /* JSStackTraceElement.m */ = {isa = PBXFileReference; fileEncoding = 4; lastKnownFileType = sourcecode.c.objc; name = JSStackTraceElement.m; path = js_ios/JSStackTraceElement.m; sourceTree = SOURCE_ROOT; };
		1FE4921C1896F04700CF2FCB /* JSFileUtil.h */ = {isa = PBXFileReference; fileEncoding = 4; lastKnownFileType = sourcecode.c.h; name = JSFileUtil.h; path = js_ios/JSFileUtil.h; sourceTree = SOURCE_ROOT; };
		1FE4921D1896F04700CF2FCB /* JSDictionaryUtil.h */ = {isa = PBXFileReference; fileEncoding = 4; lastKnownFileType = sourcecode.c.h; name = JSDictionaryUtil.h; path = js_ios/JSDictionaryUtil.h; sourceTree = SOURCE_ROOT; };
		1FE4921E1896F04700CF2FCB /* JSDictionaryUtil.m */ = {isa = PBXFileReference; fileEncoding = 4; lastKnownFileType = sourcecode.c.objc; name = JSDictionaryUtil.m; path = js_ios/JSDictionaryUtil.m; sourceTree = SOURCE_ROOT; };
		1FE4921F1896F04700CF2FCB /* en.lproj */ = {isa = PBXFileReference; lastKnownFileType = folder; name = en.lproj; path = js_ios/en.lproj; sourceTree = SOURCE_ROOT; };
		30F4DE9333CD7DF247010E8C /* GLKit.framework */ = {isa = PBXFileReference; lastKnownFileType = wrapper.framework; name = GLKit.framework; path = System/Library/Frameworks/GLKit.framework; sourceTree = SDKROOT; };
		F446EE8A1A129B400091791B /* js_iosTests-Bridging-Header.h */ = {isa = PBXFileReference; lastKnownFileType = sourcecode.c.h; path = "js_iosTests-Bridging-Header.h"; sourceTree = "<group>"; };
		F47D5B0D1A11E750003F91CD /* js_ios-Bridging-Header.h */ = {isa = PBXFileReference; fileEncoding = 4; lastKnownFileType = sourcecode.c.h; name = "js_ios-Bridging-Header.h"; path = "js_ios/js_ios-Bridging-Header.h"; sourceTree = SOURCE_ROOT; };
		F47D5B0E1A11E868003F91CD /* Base.swift */ = {isa = PBXFileReference; fileEncoding = 4; lastKnownFileType = sourcecode.swift; path = Base.swift; sourceTree = SOURCE_ROOT; };
		F47D5B101A129576003F91CD /* AppDelegate.swift */ = {isa = PBXFileReference; fileEncoding = 4; lastKnownFileType = sourcecode.swift; path = AppDelegate.swift; sourceTree = SOURCE_ROOT; };
		F4A3603C1A12C4B200F48E71 /* sample.png */ = {isa = PBXFileReference; lastKnownFileType = image.png; path = sample.png; sourceTree = "<group>"; };
		F4A360441A1421ED00F48E71 /* fragment_shader_texture.glsl */ = {isa = PBXFileReference; fileEncoding = 4; lastKnownFileType = text; path = fragment_shader_texture.glsl; sourceTree = "<group>"; };
		F4A360451A1421ED00F48E71 /* vertex_shader_texture.glsl */ = {isa = PBXFileReference; fileEncoding = 4; lastKnownFileType = text; path = vertex_shader_texture.glsl; sourceTree = "<group>"; };
		F4AA66D21A1701F30058452F /* CTools.h */ = {isa = PBXFileReference; fileEncoding = 4; lastKnownFileType = sourcecode.c.h; name = CTools.h; path = js_ios/CTools.h; sourceTree = SOURCE_ROOT; };
		F4AA66D31A1701F30058452F /* SpriteContext.h */ = {isa = PBXFileReference; fileEncoding = 4; lastKnownFileType = sourcecode.c.h; name = SpriteContext.h; path = js_ios/SpriteContext.h; sourceTree = SOURCE_ROOT; };
		F4AA66D41A1701F30058452F /* CTools.m */ = {isa = PBXFileReference; fileEncoding = 4; lastKnownFileType = sourcecode.c.objc; name = CTools.m; path = js_ios/CTools.m; sourceTree = SOURCE_ROOT; };
		F4AA66D51A1701F30058452F /* SpriteContext.m */ = {isa = PBXFileReference; fileEncoding = 4; lastKnownFileType = sourcecode.c.objc; name = SpriteContext.m; path = js_ios/SpriteContext.m; sourceTree = SOURCE_ROOT; };
		F4AA66D61A1701F30058452F /* CGAffineTransform.swift */ = {isa = PBXFileReference; fileEncoding = 4; lastKnownFileType = sourcecode.swift; name = CGAffineTransform.swift; path = js_ios/CGAffineTransform.swift; sourceTree = SOURCE_ROOT; };
		F4AA66D71A1701F30058452F /* GLAppDelegate.swift */ = {isa = PBXFileReference; fileEncoding = 4; lastKnownFileType = sourcecode.swift; name = GLAppDelegate.swift; path = js_ios/GLAppDelegate.swift; sourceTree = SOURCE_ROOT; };
		F4AA66D81A1701F30058452F /* GLTools.swift */ = {isa = PBXFileReference; fileEncoding = 4; lastKnownFileType = sourcecode.swift; name = GLTools.swift; path = js_ios/GLTools.swift; sourceTree = SOURCE_ROOT; };
		F4AA66D91A1701F30058452F /* GLView.swift */ = {isa = PBXFileReference; fileEncoding = 4; lastKnownFileType = sourcecode.swift; name = GLView.swift; path = js_ios/GLView.swift; sourceTree = SOURCE_ROOT; };
		F4AA66DA1A1701F30058452F /* Point.swift */ = {isa = PBXFileReference; fileEncoding = 4; lastKnownFileType = sourcecode.swift; name = Point.swift; path = js_ios/Point.swift; sourceTree = SOURCE_ROOT; };
		F4AA66DB1A1701F30058452F /* Rect.swift */ = {isa = PBXFileReference; fileEncoding = 4; lastKnownFileType = sourcecode.swift; name = Rect.swift; path = js_ios/Rect.swift; sourceTree = SOURCE_ROOT; };
		F4AA66DC1A1701F30058452F /* Renderer.swift */ = {isa = PBXFileReference; fileEncoding = 4; lastKnownFileType = sourcecode.swift; name = Renderer.swift; path = js_ios/Renderer.swift; sourceTree = SOURCE_ROOT; };
		F4AA66DD1A1701F30058452F /* Shader.swift */ = {isa = PBXFileReference; fileEncoding = 4; lastKnownFileType = sourcecode.swift; name = Shader.swift; path = js_ios/Shader.swift; sourceTree = SOURCE_ROOT; };
		F4AA66DE1A1701F30058452F /* _SKIP_SpriteProgram.swift */ = {isa = PBXFileReference; fileEncoding = 4; lastKnownFileType = sourcecode.swift; name = _SKIP_SpriteProgram.swift; path = js_ios/_SKIP_SpriteProgram.swift; sourceTree = SOURCE_ROOT; };
		F4AA66DF1A1701F30058452F /* Texture.swift */ = {isa = PBXFileReference; fileEncoding = 4; lastKnownFileType = sourcecode.swift; name = Texture.swift; path = js_ios/Texture.swift; sourceTree = SOURCE_ROOT; };
		F4AA66EE1A170A410058452F /* B.h */ = {isa = PBXFileReference; fileEncoding = 4; lastKnownFileType = sourcecode.c.h; path = B.h; sourceTree = "<group>"; };
		F4AA66EF1A170A410058452F /* B.m */ = {isa = PBXFileReference; fileEncoding = 4; lastKnownFileType = sourcecode.c.objc; path = B.m; sourceTree = "<group>"; };
		F4AA66F31A170C510058452F /* A.swift */ = {isa = PBXFileReference; fileEncoding = 4; lastKnownFileType = sourcecode.swift; path = A.swift; sourceTree = "<group>"; };
		F4AA66F51A17C8B30058452F /* GLSpriteProgram.h */ = {isa = PBXFileReference; fileEncoding = 4; lastKnownFileType = sourcecode.c.h; path = GLSpriteProgram.h; sourceTree = "<group>"; };
		F4AA66F61A17C8B30058452F /* GLSpriteProgram.m */ = {isa = PBXFileReference; fileEncoding = 4; lastKnownFileType = sourcecode.c.objc; path = GLSpriteProgram.m; sourceTree = "<group>"; };
/* End PBXFileReference section */

/* Begin PBXFrameworksBuildPhase section */
		1F8559E6185CF61F009667DE /* Frameworks */ = {
			isa = PBXFrameworksBuildPhase;
			buildActionMask = 2147483647;
			files = (
				1F8559EF185CF61F009667DE /* CoreGraphics.framework in Frameworks */,
				1F8559ED185CF61F009667DE /* Foundation.framework in Frameworks */,
				1F364286185D0DA9008B7883 /* OpenGLES.framework in Frameworks */,
				1F364284185D0D99008B7883 /* QuartzCore.framework in Frameworks */,
				1F8559F1185CF61F009667DE /* UIKit.framework in Frameworks */,
				30F4DAAA315200088D6CCF0F /* GLKit.framework in Frameworks */,
			);
			runOnlyForDeploymentPostprocessing = 0;
		};
		1F855A01185CF61F009667DE /* Frameworks */ = {
			isa = PBXFrameworksBuildPhase;
			buildActionMask = 2147483647;
			files = (
				1F364288185D0DF2008B7883 /* OpenGLES.framework in Frameworks */,
				1F364287185D0DEB008B7883 /* CoreGraphics.framework in Frameworks */,
				1F0701C2185E56D9000FC4AE /* QuartzCore.framework in Frameworks */,
				1F855A06185CF61F009667DE /* XCTest.framework in Frameworks */,
				1F855A08185CF61F009667DE /* UIKit.framework in Frameworks */,
				1F855A07185CF61F009667DE /* Foundation.framework in Frameworks */,
			);
			runOnlyForDeploymentPostprocessing = 0;
		};
/* End PBXFrameworksBuildPhase section */

/* Begin PBXGroup section */
		1F36427B185D0ABC008B7883 /* js_ios */ = {
			isa = PBXGroup;
			children = (
				F47D5B0D1A11E750003F91CD /* js_ios-Bridging-Header.h */,
				F47D5B101A129576003F91CD /* AppDelegate.swift */,
				1F74C3CA19009279004DA3A3 /* JSAppendStringProtocol.h */,
				1FE492081896F04700CF2FCB /* JSBase.h */,
				F47D5B0E1A11E868003F91CD /* Base.swift */,
				1FE492121896F04700CF2FCB /* JSBase.m */,
				1FE4921D1896F04700CF2FCB /* JSDictionaryUtil.h */,
				1FE4921E1896F04700CF2FCB /* JSDictionaryUtil.m */,
				1F4487E418DF71340067F1F1 /* JSDieException.h */,
				1F4487E518DF71340067F1F1 /* JSDieException.m */,
				1FE4921C1896F04700CF2FCB /* JSFileUtil.h */,
				1FE492141896F04700CF2FCB /* JSFileUtil.m */,
				1F41447418FB138B009C4EBB /* JSFreezable.h */,
				1F41447A18FB259F009C4EBB /* JSFreezable.m */,
				1FE492131896F04700CF2FCB /* JSIORecorder.h */,
				1FE492101896F04700CF2FCB /* JSIORecorder.m */,
				1F7F9DCF189AF135001D9DE3 /* JSLayoutManager.h */,
				1F7F9DCE189AF135001D9DE3 /* JSLayoutManager.m */,
				1FE0E61118B6E3CC00839060 /* JSMemoryMonitor.h */,
				1FE0E61218B6E3CC00839060 /* JSMemoryMonitor.m */,
				1FE492061896F04700CF2FCB /* JSOrderedSet.h */,
				1FE492071896F04700CF2FCB /* JSOrderedSet.m */,
				1F7F9E19189F8080001D9DE3 /* JSPointerArray.h */,
				1F7F9E1A189F8080001D9DE3 /* JSPointerArray.m */,
				1F74C3D7190096CA004DA3A3 /* JSPushPopProtocol.h */,
				1FE4920D1896F04700CF2FCB /* JSQueue.h */,
				1FE4920C1896F04700CF2FCB /* JSQueue.m */,
				1FE492041896F04700CF2FCB /* JSRandom.h */,
				1FE492051896F04700CF2FCB /* JSRandom.m */,
				1FE492181896F04700CF2FCB /* JSSimulator.h */,
				1FE492151896F04700CF2FCB /* JSSimulator.m */,
				1FE492191896F04700CF2FCB /* JSStackTraceElement.h */,
				1FE4921A1896F04700CF2FCB /* JSStackTraceElement.m */,
				1FE492091896F04700CF2FCB /* JSStringUtil.h */,
				1FE4920A1896F04700CF2FCB /* JSStringUtil.m */,
				1F8EE70118C2FD8F00F247A3 /* JSStructArray.h */,
				1F8EE70218C2FD8F00F247A3 /* JSStructArray.m */,
				1FE492171896F04700CF2FCB /* JSSwizzler.h */,
				1FE492161896F04700CF2FCB /* JSSwizzler.m */,
				1FB9E9A718A1ED2B00BC9E9F /* JSSymbolicNames.h */,
				1FB9E9A618A1ED2B00BC9E9F /* JSSymbolicNames.m */,
				1F33523318DA3C45005A943C /* NSMutableArray+JSMutableArrayCategory.h */,
				1F33523418DA3C45005A943C /* NSMutableArray+JSMutableArrayCategory.m */,
				1F74C3CF19009486004DA3A3 /* NSMutableString+JSMutableStringCategory.h */,
				1F74C3D019009486004DA3A3 /* NSMutableString+JSMutableStringCategory.m */,
				1F65153B18F5AE0200851E9F /* NSScanner+JSScannerCategory.h */,
				1F65153C18F5AE0200851E9F /* NSScanner+JSScannerCategory.m */,
				1FDF076C18AAB9CA001AFFFF /* NSUserDefaults+JSUserDefaultsCategory.h */,
				1FDF076D18AAB9CA001AFFFF /* NSUserDefaults+JSUserDefaultsCategory.m */,
			);
			name = js_ios;
			path = js_ios/js_ios;
			sourceTree = "<group>";
		};
		1F8559E0185CF61F009667DE = {
			isa = PBXGroup;
			children = (
				F4A3603B1A12C4B200F48E71 /* resources */,
				F458860D1A10819700A887CF /* gl */,
				1F36427B185D0ABC008B7883 /* js_ios */,
				1F855A0B185CF61F009667DE /* js_iosTests */,
				1F8559F2185CF61F009667DE /* boilerplate */,
				1F8559EB185CF61F009667DE /* Frameworks */,
				1F8559EA185CF61F009667DE /* Products */,
			);
			sourceTree = "<group>";
		};
		1F8559EA185CF61F009667DE /* Products */ = {
			isa = PBXGroup;
			children = (
				1F8559E9185CF61F009667DE /* js_ios.app */,
				1F855A04185CF61F009667DE /* js_iosTests.xctest */,
			);
			name = Products;
			sourceTree = "<group>";
		};
		1F8559EB185CF61F009667DE /* Frameworks */ = {
			isa = PBXGroup;
			children = (
				1F8559EE185CF61F009667DE /* CoreGraphics.framework */,
				1F8559EC185CF61F009667DE /* Foundation.framework */,
				1F364285185D0DA9008B7883 /* OpenGLES.framework */,
				1F364283185D0D99008B7883 /* QuartzCore.framework */,
				1F8559F0185CF61F009667DE /* UIKit.framework */,
				1F855A05185CF61F009667DE /* XCTest.framework */,
				30F4DE9333CD7DF247010E8C /* GLKit.framework */,
			);
			name = Frameworks;
			sourceTree = "<group>";
		};
		1F8559F2185CF61F009667DE /* boilerplate */ = {
			isa = PBXGroup;
			children = (
				1F8559FE185CF61F009667DE /* Images.xcassets */,
				1F8559F3185CF61F009667DE /* Supporting Files */,
			);
			name = boilerplate;
			path = js_ios;
			sourceTree = "<group>";
		};
		1F8559F3185CF61F009667DE /* Supporting Files */ = {
			isa = PBXGroup;
			children = (
				1FE4921F1896F04700CF2FCB /* en.lproj */,
				1F8559F4185CF61F009667DE /* js_ios-Info.plist */,
				1F8559F5185CF61F009667DE /* InfoPlist.strings */,
				1F8559FA185CF61F009667DE /* js_ios-Prefix.pch */,
			);
			name = "Supporting Files";
			sourceTree = "<group>";
		};
		1F855A0B185CF61F009667DE /* js_iosTests */ = {
			isa = PBXGroup;
			children = (
				1F2CB661185FEA3E0004878D /* JSDictionaryUtilTests.m */,
				1FDC2411186148B7002DF091 /* JSFileUtilTests.m */,
				1F96135D186B91FB003A239A /* JSIORecorderTests.m */,
				1F0701C6185F9657000FC4AE /* JSBaseTests.m */,
				1F41447618FB1EAD009C4EBB /* JSFreezableTests.m */,
				1FE0E61718B7098600839060 /* JSMemoryMonitorTests.m */,
				1F09C9A118962D4800CE1AE8 /* JSOrderedSetTests.m */,
				1F8EE70418C3046F00F247A3 /* JSPointerArrayTests.m */,
				1F8EE6FF18C2FD8400F247A3 /* JSStructArrayTests.m */,
				1F2CB657185FB95A0004878D /* JSSwizzlerTests.m */,
				1F48DE2A18A1E8C7000BEFD1 /* JSSymbolicNamesTests.m */,
				1F48DE1118A19E2C000BEFD1 /* JSTestUtil.h */,
				1F48DE1218A19E2C000BEFD1 /* JSTestUtil.m */,
				1F141B95186FF99A00B99A38 /* JSTestUtilTests.m */,
				1F33523618DA3CDF005A943C /* NSMutableArray+JSMutableArrayTests.m */,
				1F09C99F189619FF00CE1AE8 /* NSOrderedSetTests.m */,
				1F09C9991894DF7900CE1AE8 /* JSQueueTests.m */,
				1F74190D188776C200A04FC4 /* JSRandomTests.m */,
				1FDC24071860E0E3002DF091 /* JSSimulatorTests.m */,
				1FA26812185FB56D00808EAF /* JSStringUtilTests.m */,
				1F855A0C185CF61F009667DE /* Supporting Files */,
				1FC6DB0D18BAD9DD0001D1CB /* test_resources */,
				F446EE8A1A129B400091791B /* js_iosTests-Bridging-Header.h */,
			);
			path = js_iosTests;
			sourceTree = "<group>";
		};
		1F855A0C185CF61F009667DE /* Supporting Files */ = {
			isa = PBXGroup;
			children = (
				1F855A0D185CF61F009667DE /* js_iosTests-Info.plist */,
				1F855A0E185CF61F009667DE /* InfoPlist.strings */,
			);
			name = "Supporting Files";
			sourceTree = "<group>";
		};
		F458860D1A10819700A887CF /* gl */ = {
			isa = PBXGroup;
			children = (
				F4AA66F31A170C510058452F /* A.swift */,
				F4AA66EE1A170A410058452F /* B.h */,
				F4AA66EF1A170A410058452F /* B.m */,
				F4AA66D21A1701F30058452F /* CTools.h */,
				F4AA66F51A17C8B30058452F /* GLSpriteProgram.h */,
				F4AA66F61A17C8B30058452F /* GLSpriteProgram.m */,
				F4AA66DE1A1701F30058452F /* _SKIP_SpriteProgram.swift */,
				F4AA66D31A1701F30058452F /* SpriteContext.h */,
				F4AA66D51A1701F30058452F /* SpriteContext.m */,
				F4AA66D41A1701F30058452F /* CTools.m */,
				F4AA66D61A1701F30058452F /* CGAffineTransform.swift */,
				F4AA66D71A1701F30058452F /* GLAppDelegate.swift */,
				F4AA66D81A1701F30058452F /* GLTools.swift */,
				F4AA66D91A1701F30058452F /* GLView.swift */,
				F4AA66DA1A1701F30058452F /* Point.swift */,
				F4AA66DB1A1701F30058452F /* Rect.swift */,
				F4AA66DC1A1701F30058452F /* Renderer.swift */,
				F4AA66DD1A1701F30058452F /* Shader.swift */,
				F4AA66DF1A1701F30058452F /* Texture.swift */,
			);
			path = gl;
			sourceTree = "<group>";
		};
		F4A3603B1A12C4B200F48E71 /* resources */ = {
			isa = PBXGroup;
			children = (
				F4A360441A1421ED00F48E71 /* fragment_shader_texture.glsl */,
				F4A360451A1421ED00F48E71 /* vertex_shader_texture.glsl */,
				F4A3603C1A12C4B200F48E71 /* sample.png */,
			);
			path = resources;
			sourceTree = "<group>";
		};
/* End PBXGroup section */

/* Begin PBXNativeTarget section */
		1F8559E8185CF61F009667DE /* js_ios */ = {
			isa = PBXNativeTarget;
			buildConfigurationList = 1F855A15185CF61F009667DE /* Build configuration list for PBXNativeTarget "js_ios" */;
			buildPhases = (
				1F8559E5185CF61F009667DE /* Sources */,
				1F8559E6185CF61F009667DE /* Frameworks */,
				1F8559E7185CF61F009667DE /* Resources */,
			);
			buildRules = (
			);
			dependencies = (
			);
			name = js_ios;
			productName = js_ios;
			productReference = 1F8559E9185CF61F009667DE /* js_ios.app */;
			productType = "com.apple.product-type.application";
		};
		1F855A03185CF61F009667DE /* js_iosTests */ = {
			isa = PBXNativeTarget;
			buildConfigurationList = 1F855A18185CF61F009667DE /* Build configuration list for PBXNativeTarget "js_iosTests" */;
			buildPhases = (
				1F855A00185CF61F009667DE /* Sources */,
				1F855A01185CF61F009667DE /* Frameworks */,
				1F855A02185CF61F009667DE /* Resources */,
			);
			buildRules = (
			);
			dependencies = (
				1F855A0A185CF61F009667DE /* PBXTargetDependency */,
			);
			name = js_iosTests;
			productName = js_iosTests;
			productReference = 1F855A04185CF61F009667DE /* js_iosTests.xctest */;
			productType = "com.apple.product-type.bundle.unit-test";
		};
/* End PBXNativeTarget section */

/* Begin PBXProject section */
		1F8559E1185CF61F009667DE /* Project object */ = {
			isa = PBXProject;
			attributes = {
				LastUpgradeCheck = 0510;
				ORGANIZATIONNAME = "Jeff Sember";
				TargetAttributes = {
					1F855A03185CF61F009667DE = {
						TestTargetID = 1F8559E8185CF61F009667DE;
					};
				};
			};
			buildConfigurationList = 1F8559E4185CF61F009667DE /* Build configuration list for PBXProject "js_ios" */;
			compatibilityVersion = "Xcode 3.2";
			developmentRegion = English;
			hasScannedForEncodings = 0;
			knownRegions = (
				en,
			);
			mainGroup = 1F8559E0185CF61F009667DE;
			productRefGroup = 1F8559EA185CF61F009667DE /* Products */;
			projectDirPath = "";
			projectRoot = "";
			targets = (
				1F8559E8185CF61F009667DE /* js_ios */,
				1F855A03185CF61F009667DE /* js_iosTests */,
			);
		};
/* End PBXProject section */

/* Begin PBXResourcesBuildPhase section */
		1F8559E7185CF61F009667DE /* Resources */ = {
			isa = PBXResourcesBuildPhase;
			buildActionMask = 2147483647;
			files = (
				1F8559F7185CF61F009667DE /* InfoPlist.strings in Resources */,
				F4A360461A1421ED00F48E71 /* fragment_shader_texture.glsl in Resources */,
				F4A360471A1421ED00F48E71 /* vertex_shader_texture.glsl in Resources */,
				1F8559FF185CF61F009667DE /* Images.xcassets in Resources */,
				1FE4922E1896F04700CF2FCB /* en.lproj in Resources */,
				F4A3603D1A12C4B200F48E71 /* sample.png in Resources */,
			);
			runOnlyForDeploymentPostprocessing = 0;
		};
		1F855A02185CF61F009667DE /* Resources */ = {
			isa = PBXResourcesBuildPhase;
			buildActionMask = 2147483647;
			files = (
				1FC6DB0E18BAD9DD0001D1CB /* test_resources in Resources */,
				1F855A10185CF61F009667DE /* InfoPlist.strings in Resources */,
			);
			runOnlyForDeploymentPostprocessing = 0;
		};
/* End PBXResourcesBuildPhase section */

/* Begin PBXSourcesBuildPhase section */
		1F8559E5185CF61F009667DE /* Sources */ = {
			isa = PBXSourcesBuildPhase;
			buildActionMask = 2147483647;
			files = (
				F4AA66F41A170C510058452F /* A.swift in Sources */,
				F4AA66E81A1701F30058452F /* Renderer.swift in Sources */,
				F4AA66E11A1701F30058452F /* SpriteContext.m in Sources */,
				1FE0E61318B6E3CC00839060 /* JSMemoryMonitor.m in Sources */,
				1FE492221896F04700CF2FCB /* JSStringUtil.m in Sources */,
				1FE492201896F04700CF2FCB /* JSRandom.m in Sources */,
				1F33523518DA3C45005A943C /* NSMutableArray+JSMutableArrayCategory.m in Sources */,
				1F65153D18F5AE0200851E9F /* NSScanner+JSScannerCategory.m in Sources */,
				1F41447B18FB259F009C4EBB /* JSFreezable.m in Sources */,
				F4AA66E31A1701F30058452F /* GLAppDelegate.swift in Sources */,
				1FE492291896F04700CF2FCB /* JSSimulator.m in Sources */,
				F4AA66E01A1701F30058452F /* CTools.m in Sources */,
				F4AA66E91A1701F30058452F /* Shader.swift in Sources */,
				F4AA66E21A1701F30058452F /* CGAffineTransform.swift in Sources */,
				F47D5B111A129576003F91CD /* AppDelegate.swift in Sources */,
				1FDF076E18AAB9CA001AFFFF /* NSUserDefaults+JSUserDefaultsCategory.m in Sources */,
				1FE492211896F04700CF2FCB /* JSOrderedSet.m in Sources */,
				F47D5B0F1A11E868003F91CD /* Base.swift in Sources */,
				1FB9E9A818A1ED2B00BC9E9F /* JSSymbolicNames.m in Sources */,
				F4AA66F01A170A410058452F /* B.m in Sources */,
				F4AA66E51A1701F30058452F /* GLView.swift in Sources */,
				F4AA66E71A1701F30058452F /* Rect.swift in Sources */,
				F4AA66E41A1701F30058452F /* GLTools.swift in Sources */,
				1FE4922B1896F04700CF2FCB /* JSStackTraceElement.m in Sources */,
				1FE4922D1896F04700CF2FCB /* JSDictionaryUtil.m in Sources */,
				1FE492241896F04700CF2FCB /* JSQueue.m in Sources */,
				F4AA66F71A17C8B30058452F /* GLSpriteProgram.m in Sources */,
				1FE492271896F04700CF2FCB /* JSBase.m in Sources */,
				1FE492281896F04700CF2FCB /* JSFileUtil.m in Sources */,
				F4AA66EB1A1701F30058452F /* Texture.swift in Sources */,
				1F7F9E1B189F8080001D9DE3 /* JSPointerArray.m in Sources */,
				1FE492261896F04700CF2FCB /* JSIORecorder.m in Sources */,
				1F4487E618DF71340067F1F1 /* JSDieException.m in Sources */,
				F4AA66E61A1701F30058452F /* Point.swift in Sources */,
				1F74C3D119009486004DA3A3 /* NSMutableString+JSMutableStringCategory.m in Sources */,
				1F7F9DD0189AF135001D9DE3 /* JSLayoutManager.m in Sources */,
				1FE4922A1896F04700CF2FCB /* JSSwizzler.m in Sources */,
				F4AA66EA1A1701F30058452F /* _SKIP_SpriteProgram.swift in Sources */,
			);
			runOnlyForDeploymentPostprocessing = 0;
		};
		1F855A00185CF61F009667DE /* Sources */ = {
			isa = PBXSourcesBuildPhase;
			buildActionMask = 2147483647;
			files = (
				F446EE8D1A129CFB0091791B /* AppDelegate.swift in Sources */,
				1F41447718FB1EAD009C4EBB /* JSFreezableTests.m in Sources */,
				1F0701C7185F9657000FC4AE /* JSBaseTests.m in Sources */,
				1F96135E186B91FB003A239A /* JSIORecorderTests.m in Sources */,
				1FE0E61818B7098600839060 /* JSMemoryMonitorTests.m in Sources */,
				1FA26813185FB56D00808EAF /* JSStringUtilTests.m in Sources */,
				1F8EE70518C3046F00F247A3 /* JSPointerArrayTests.m in Sources */,
				1FDC2412186148B7002DF091 /* JSFileUtilTests.m in Sources */,
				1F09C99A1894DF7900CE1AE8 /* JSQueueTests.m in Sources */,
				1F48DE2B18A1E8C7000BEFD1 /* JSSymbolicNamesTests.m in Sources */,
				1F2CB65B185FC4430004878D /* JSSwizzlerTests.m in Sources */,
				1F33523718DA3CDF005A943C /* NSMutableArray+JSMutableArrayTests.m in Sources */,
				1F141B96186FF99A00B99A38 /* JSTestUtilTests.m in Sources */,
				1F8EE70018C2FD8400F247A3 /* JSStructArrayTests.m in Sources */,
				1F74190E188776C200A04FC4 /* JSRandomTests.m in Sources */,
				1F09C9A218962D4800CE1AE8 /* JSOrderedSetTests.m in Sources */,
				1F09C9A0189619FF00CE1AE8 /* NSOrderedSetTests.m in Sources */,
				1F8EE70318C2FD8F00F247A3 /* JSStructArray.m in Sources */,
				1F48DE1318A19E2C000BEFD1 /* JSTestUtil.m in Sources */,
				1FDC24081860E0E3002DF091 /* JSSimulatorTests.m in Sources */,
				1F2CB662185FEA3E0004878D /* JSDictionaryUtilTests.m in Sources */,
			);
			runOnlyForDeploymentPostprocessing = 0;
		};
/* End PBXSourcesBuildPhase section */

/* Begin PBXTargetDependency section */
		1F855A0A185CF61F009667DE /* PBXTargetDependency */ = {
			isa = PBXTargetDependency;
			target = 1F8559E8185CF61F009667DE /* js_ios */;
			targetProxy = 1F855A09185CF61F009667DE /* PBXContainerItemProxy */;
		};
/* End PBXTargetDependency section */

/* Begin PBXVariantGroup section */
		1F8559F5185CF61F009667DE /* InfoPlist.strings */ = {
			isa = PBXVariantGroup;
			children = (
				1F8559F6185CF61F009667DE /* en */,
			);
			name = InfoPlist.strings;
			sourceTree = "<group>";
		};
		1F855A0E185CF61F009667DE /* InfoPlist.strings */ = {
			isa = PBXVariantGroup;
			children = (
				1F855A0F185CF61F009667DE /* en */,
			);
			name = InfoPlist.strings;
			sourceTree = "<group>";
		};
/* End PBXVariantGroup section */

/* Begin XCBuildConfiguration section */
		1F855A13185CF61F009667DE /* Debug */ = {
			isa = XCBuildConfiguration;
			buildSettings = {
				ALWAYS_SEARCH_USER_PATHS = NO;
				CLANG_CXX_LANGUAGE_STANDARD = "gnu++0x";
				CLANG_CXX_LIBRARY = "libc++";
				CLANG_ENABLE_MODULES = YES;
				CLANG_ENABLE_OBJC_ARC = YES;
				CLANG_WARN_BOOL_CONVERSION = YES;
				CLANG_WARN_CONSTANT_CONVERSION = YES;
				CLANG_WARN_DIRECT_OBJC_ISA_USAGE = YES_ERROR;
				CLANG_WARN_EMPTY_BODY = YES;
				CLANG_WARN_ENUM_CONVERSION = YES;
				CLANG_WARN_INT_CONVERSION = YES;
				CLANG_WARN_OBJC_ROOT_CLASS = YES_ERROR;
				CLANG_WARN__DUPLICATE_METHOD_MATCH = YES;
				"CODE_SIGN_IDENTITY[sdk=iphoneos*]" = "iPhone Developer";
				COPY_PHASE_STRIP = NO;
				GCC_C_LANGUAGE_STANDARD = gnu99;
				GCC_DYNAMIC_NO_PIC = NO;
				GCC_OPTIMIZATION_LEVEL = 0;
				GCC_PREPROCESSOR_DEFINITIONS = (
					"DEBUG=1",
					"$(inherited)",
				);
				GCC_SYMBOLS_PRIVATE_EXTERN = NO;
				GCC_WARN_64_TO_32_BIT_CONVERSION = YES;
				GCC_WARN_ABOUT_RETURN_TYPE = YES_ERROR;
				GCC_WARN_UNDECLARED_SELECTOR = YES;
				GCC_WARN_UNINITIALIZED_AUTOS = YES;
				GCC_WARN_UNUSED_FUNCTION = YES;
				GCC_WARN_UNUSED_VARIABLE = YES;
				IPHONEOS_DEPLOYMENT_TARGET = 7.0;
				ONLY_ACTIVE_ARCH = YES;
				SDKROOT = iphoneos;
				TARGETED_DEVICE_FAMILY = "1,2";
				WARNING_CFLAGS = "-Wall";
			};
			name = Debug;
		};
		1F855A14185CF61F009667DE /* Release */ = {
			isa = XCBuildConfiguration;
			buildSettings = {
				ALWAYS_SEARCH_USER_PATHS = NO;
				CLANG_CXX_LANGUAGE_STANDARD = "gnu++0x";
				CLANG_CXX_LIBRARY = "libc++";
				CLANG_ENABLE_MODULES = YES;
				CLANG_ENABLE_OBJC_ARC = YES;
				CLANG_WARN_BOOL_CONVERSION = YES;
				CLANG_WARN_CONSTANT_CONVERSION = YES;
				CLANG_WARN_DIRECT_OBJC_ISA_USAGE = YES_ERROR;
				CLANG_WARN_EMPTY_BODY = YES;
				CLANG_WARN_ENUM_CONVERSION = YES;
				CLANG_WARN_INT_CONVERSION = YES;
				CLANG_WARN_OBJC_ROOT_CLASS = YES_ERROR;
				CLANG_WARN__DUPLICATE_METHOD_MATCH = YES;
				"CODE_SIGN_IDENTITY[sdk=iphoneos*]" = "iPhone Developer";
				COPY_PHASE_STRIP = YES;
				ENABLE_NS_ASSERTIONS = NO;
				GCC_C_LANGUAGE_STANDARD = gnu99;
				GCC_WARN_64_TO_32_BIT_CONVERSION = YES;
				GCC_WARN_ABOUT_RETURN_TYPE = YES_ERROR;
				GCC_WARN_UNDECLARED_SELECTOR = YES;
				GCC_WARN_UNINITIALIZED_AUTOS = YES;
				GCC_WARN_UNUSED_FUNCTION = YES;
				GCC_WARN_UNUSED_VARIABLE = YES;
				IPHONEOS_DEPLOYMENT_TARGET = 7.0;
				SDKROOT = iphoneos;
				TARGETED_DEVICE_FAMILY = "1,2";
				VALIDATE_PRODUCT = YES;
				WARNING_CFLAGS = "-Wall";
			};
			name = Release;
		};
		1F855A16185CF61F009667DE /* Debug */ = {
			isa = XCBuildConfiguration;
			buildSettings = {
				ASSETCATALOG_COMPILER_APPICON_NAME = AppIcon;
				ASSETCATALOG_COMPILER_LAUNCHIMAGE_NAME = LaunchImage;
				EMBEDDED_CONTENT_CONTAINS_SWIFT = NO;
				GCC_PRECOMPILE_PREFIX_HEADER = YES;
				GCC_PREFIX_HEADER = "js_ios/js_ios-Prefix.pch";
				INFOPLIST_FILE = "js_ios/js_ios-Info.plist";
				LD_RUNPATH_SEARCH_PATHS = "$(inherited) @executable_path/Frameworks";
				ONLY_ACTIVE_ARCH = YES;
				PRODUCT_NAME = "$(TARGET_NAME)";
				SWIFT_OBJC_BRIDGING_HEADER = "js_ios/js_ios-Bridging-Header.h";
				TARGETED_DEVICE_FAMILY = "1,2";
				WARNING_CFLAGS = "-Wall";
				WRAPPER_EXTENSION = app;
			};
			name = Debug;
		};
		1F855A17185CF61F009667DE /* Release */ = {
			isa = XCBuildConfiguration;
			buildSettings = {
				ASSETCATALOG_COMPILER_APPICON_NAME = AppIcon;
				ASSETCATALOG_COMPILER_LAUNCHIMAGE_NAME = LaunchImage;
				EMBEDDED_CONTENT_CONTAINS_SWIFT = NO;
				GCC_PRECOMPILE_PREFIX_HEADER = YES;
				GCC_PREFIX_HEADER = "js_ios/js_ios-Prefix.pch";
				GCC_PREPROCESSOR_DEFINITIONS = "DEBUG=0";
				GCC_SYMBOLS_PRIVATE_EXTERN = NO;
				INFOPLIST_FILE = "js_ios/js_ios-Info.plist";
				LD_RUNPATH_SEARCH_PATHS = "$(inherited) @executable_path/Frameworks";
				ONLY_ACTIVE_ARCH = NO;
				PRODUCT_NAME = "$(TARGET_NAME)";
				SWIFT_OBJC_BRIDGING_HEADER = "js_ios/js_ios-Bridging-Header.h";
				TARGETED_DEVICE_FAMILY = "1,2";
				WARNING_CFLAGS = "-Wall";
				WRAPPER_EXTENSION = app;
			};
			name = Release;
		};
		1F855A19185CF61F009667DE /* Debug */ = {
			isa = XCBuildConfiguration;
			buildSettings = {
				BUNDLE_LOADER = "$(BUILT_PRODUCTS_DIR)/js_ios.app/js_ios";
				CLANG_ENABLE_MODULES = YES;
				EMBEDDED_CONTENT_CONTAINS_SWIFT = NO;
				FRAMEWORK_SEARCH_PATHS = (
					"$(SDKROOT)/Developer/Library/Frameworks",
					"$(inherited)",
					"$(DEVELOPER_FRAMEWORKS_DIR)",
				);
				GCC_PRECOMPILE_PREFIX_HEADER = YES;
				GCC_PREFIX_HEADER = "js_ios/js_ios-Prefix.pch";
				GCC_PREPROCESSOR_DEFINITIONS = "$(inherited)";
				INFOPLIST_FILE = "js_iosTests/js_iosTests-Info.plist";
				LD_RUNPATH_SEARCH_PATHS = "$(inherited) @executable_path/Frameworks @loader_path/Frameworks";
				OTHER_CFLAGS = "";
				PRODUCT_NAME = "$(TARGET_NAME)";
				STRIP_STYLE = "non-global";
				SWIFT_OBJC_BRIDGING_HEADER = "js_ios/js_ios-Bridging-Header.h";
				SWIFT_OPTIMIZATION_LEVEL = "-Onone";
				TEST_HOST = "$(BUNDLE_LOADER)";
				WRAPPER_EXTENSION = xctest;
			};
			name = Debug;
		};
		1F855A1A185CF61F009667DE /* Release */ = {
			isa = XCBuildConfiguration;
			buildSettings = {
				BUNDLE_LOADER = "$(BUILT_PRODUCTS_DIR)/js_ios.app/js_ios";
				CLANG_ENABLE_MODULES = YES;
				EMBEDDED_CONTENT_CONTAINS_SWIFT = NO;
				FRAMEWORK_SEARCH_PATHS = (
					"$(SDKROOT)/Developer/Library/Frameworks",
					"$(inherited)",
					"$(DEVELOPER_FRAMEWORKS_DIR)",
				);
				GCC_PRECOMPILE_PREFIX_HEADER = YES;
				GCC_PREFIX_HEADER = "js_ios/js_ios-Prefix.pch";
				GCC_PREPROCESSOR_DEFINITIONS = "DEBUG=0";
				INFOPLIST_FILE = "js_iosTests/js_iosTests-Info.plist";
				LD_RUNPATH_SEARCH_PATHS = "$(inherited) @executable_path/Frameworks @loader_path/Frameworks";
				ONLY_ACTIVE_ARCH = NO;
				OTHER_CFLAGS = "";
				PRODUCT_NAME = "$(TARGET_NAME)";
				STRIP_STYLE = "non-global";
				SWIFT_OBJC_BRIDGING_HEADER = "js_ios/js_ios-Bridging-Header.h";
				TEST_HOST = "$(BUNDLE_LOADER)";
				WRAPPER_EXTENSION = xctest;
			};
			name = Release;
		};
/* End XCBuildConfiguration section */

/* Begin XCConfigurationList section */
		1F8559E4185CF61F009667DE /* Build configuration list for PBXProject "js_ios" */ = {
			isa = XCConfigurationList;
			buildConfigurations = (
				1F855A13185CF61F009667DE /* Debug */,
				1F855A14185CF61F009667DE /* Release */,
			);
			defaultConfigurationIsVisible = 0;
			defaultConfigurationName = Release;
		};
		1F855A15185CF61F009667DE /* Build configuration list for PBXNativeTarget "js_ios" */ = {
			isa = XCConfigurationList;
			buildConfigurations = (
				1F855A16185CF61F009667DE /* Debug */,
				1F855A17185CF61F009667DE /* Release */,
			);
			defaultConfigurationIsVisible = 0;
			defaultConfigurationName = Release;
		};
		1F855A18185CF61F009667DE /* Build configuration list for PBXNativeTarget "js_iosTests" */ = {
			isa = XCConfigurationList;
			buildConfigurations = (
				1F855A19185CF61F009667DE /* Debug */,
				1F855A1A185CF61F009667DE /* Release */,
			);
			defaultConfigurationIsVisible = 0;
			defaultConfigurationName = Release;
		};
/* End XCConfigurationList section */
	};
	rootObject = 1F8559E1185CF61F009667DE /* Project object */;
}
